
Microsoft Visual Studio Solution File, Format Version 12.00
# Visual Studio Version 17
VisualStudioVersion = 17.10.35004.147
MinimumVisualStudioVersion = 10.0.40219.1
Project("{FAE04EC0-301F-11D3-BF4B-00C04F79EFBC}") = "FQ24L007B_GestContact", "FQ24L007B_GestContact\FQ24L007B_GestContact.csproj", "{9AE1A33E-E570-4C45-AF43-FB809169ABE5}"
EndProject
Global
	GlobalSection(SolutionConfigurationPlatforms) = preSolution
		Debug|Any CPU = Debug|Any CPU
		Release|Any CPU = Release|Any CPU
	EndGlobalSection
	GlobalSection(ProjectConfigurationPlatforms) = postSolution
		{9AE1A33E-E570-4C45-AF43-FB809169ABE5}.Debug|Any CPU.ActiveCfg = Debug|Any CPU
		{9AE1A33E-E570-4C45-AF43-FB809169ABE5}.Debug|Any CPU.Build.0 = Debug|Any CPU
		{9AE1A33E-E570-4C45-AF43-FB809169ABE5}.Release|Any CPU.ActiveCfg = Release|Any CPU
		{9AE1A33E-E570-4C45-AF43-FB809169ABE5}.Release|Any CPU.Build.0 = Release|Any CPU
	EndGlobalSection
	GlobalSection(SolutionProperties) = preSolution
		HideSolutionNode = FALSE
	EndGlobalSection
	GlobalSection(ExtensibilityGlobals) = postSolution
		SolutionGuid = {D0EA134D-4D2E-45E6-8371-8EA9F0A7C37F}
	EndGlobalSection
EndGlobal
